<?xml version="1.0" encoding="utf-8"?>
<Project ToolsVersion="17.0" xmlns="http://schemas.microsoft.com/developer/msbuild/2003">
  <ItemGroup>
    <CustomBuild Include="D:\AEGIS\aegis-core\build-codex\CMakeFiles\ff33c2e329c04855999c472ca960cd91\generate.stamp.rule">
      <Filter>CMake Rules</Filter>
    </CustomBuild>
  </ItemGroup>
  <ItemGroup>
    <Filter Include="CMake Rules">
      <UniqueIdentifier>{98662D9F-F7DE-3171-A836-3F89EA498D67}</UniqueIdentifier>
    </Filter>
  </ItemGroup>
</Project>
